Microsoft Visual Studio Solution File, Format Version 12.00
# Visual Studio Version 17
VisualStudioVersion = 17.5.2.0
MinimumVisualStudioVersion = 10.0.40219.1
Project("{FAE04EC0-301F-11D3-BF4B-00C04F79EFBC}") = "Momento", "Momento.csproj", "{9E8BE2E6-FCCE-AD2F-6907-E52F1A292328}"
EndProject
Global
	GlobalSection(SolutionConfigurationPlatforms) = preSolution
		Debug|Any CPU = Debug|Any CPU
		Release|Any CPU = Release|Any CPU
	EndGlobalSection
	GlobalSection(ProjectConfigurationPlatforms) = postSolution
		{9E8BE2E6-FCCE-AD2F-6907-E52F1A292328}.Debug|Any CPU.ActiveCfg = Debug|Any CPU
		{9E8BE2E6-FCCE-AD2F-6907-E52F1A292328}.Debug|Any CPU.Build.0 = Debug|Any CPU
		{9E8BE2E6-FCCE-AD2F-6907-E52F1A292328}.Release|Any CPU.ActiveCfg = Release|Any CPU
		{9E8BE2E6-FCCE-AD2F-6907-E52F1A292328}.Release|Any CPU.Build.0 = Release|Any CPU
	EndGlobalSection
	GlobalSection(SolutionProperties) = preSolution
		HideSolutionNode = FALSE
	EndGlobalSection
	GlobalSection(ExtensibilityGlobals) = postSolution
		SolutionGuid = {269AEB68-852F-4258-906C-88944529868A}
	EndGlobalSection
EndGlobal
